
Microsoft Visual Studio Solution File, Format Version 12.00
# Visual Studio Version 16
VisualStudioVersion = 16.0.31729.503
MinimumVisualStudioVersion = 10.0.40219.1
Project("{FAE04EC0-301F-11D3-BF4B-00C04F79EFBC}") = "DataStructure", "DataStructure.csproj", "{068EF0CA-60E1-463F-B555-84D1CB236E56}"
EndProject
Global
	GlobalSection(SolutionConfigurationPlatforms) = preSolution
		Debug|Any CPU = Debug|Any CPU
		Release|Any CPU = Release|Any CPU
	EndGlobalSection
	GlobalSection(ProjectConfigurationPlatforms) = postSolution
		{068EF0CA-60E1-463F-B555-84D1CB236E56}.Debug|Any CPU.ActiveCfg = Debug|Any CPU
		{068EF0CA-60E1-463F-B555-84D1CB236E56}.Debug|Any CPU.Build.0 = Debug|Any CPU
		{068EF0CA-60E1-463F-B555-84D1CB236E56}.Release|Any CPU.ActiveCfg = Release|Any CPU
		{068EF0CA-60E1-463F-B555-84D1CB236E56}.Release|Any CPU.Build.0 = Release|Any CPU
	EndGlobalSection
	GlobalSection(SolutionProperties) = preSolution
		HideSolutionNode = FALSE
	EndGlobalSection
	GlobalSection(ExtensibilityGlobals) = postSolution
		SolutionGuid = {8597314C-841F-45B1-9039-9819013CC6C8}
	EndGlobalSection
EndGlobal
